
Microsoft Visual Studio Solution File, Format Version 12.00
# Visual Studio Version 17
VisualStudioVersion = 17.6.33829.357
MinimumVisualStudioVersion = 10.0.40219.1
Project("{FAE04EC0-301F-11D3-BF4B-00C04F79EFBC}") = "Laboratorium7", "Laboratorium7\Laboratorium7.csproj", "{4677A3BA-5B73-43C8-895D-58466321C529}"
EndProject
Global
	GlobalSection(SolutionConfigurationPlatforms) = preSolution
		Debug|Any CPU = Debug|Any CPU
		Release|Any CPU = Release|Any CPU
	EndGlobalSection
	GlobalSection(ProjectConfigurationPlatforms) = postSolution
		{4677A3BA-5B73-43C8-895D-58466321C529}.Debug|Any CPU.ActiveCfg = Debug|Any CPU
		{4677A3BA-5B73-43C8-895D-58466321C529}.Debug|Any CPU.Build.0 = Debug|Any CPU
		{4677A3BA-5B73-43C8-895D-58466321C529}.Release|Any CPU.ActiveCfg = Release|Any CPU
		{4677A3BA-5B73-43C8-895D-58466321C529}.Release|Any CPU.Build.0 = Release|Any CPU
	EndGlobalSection
	GlobalSection(SolutionProperties) = preSolution
		HideSolutionNode = FALSE
	EndGlobalSection
	GlobalSection(ExtensibilityGlobals) = postSolution
		SolutionGuid = {0C2D9502-2AFA-47B5-A21D-06DD852B755C}
	EndGlobalSection
EndGlobal
